
Microsoft Visual Studio Solution File, Format Version 12.00
# Visual Studio Version 17
VisualStudioVersion = 17.7.33711.374
MinimumVisualStudioVersion = 10.0.40219.1
Project("{FAE04EC0-301F-11D3-BF4B-00C04F79EFBC}") = "PropertyEntity", "PropertyEntity\PropertyEntity.csproj", "{EBF83244-2BC1-4B7A-B42B-88E11A2F4973}"
EndProject
Project("{FAE04EC0-301F-11D3-BF4B-00C04F79EFBC}") = "PropertyAPI", "PropertyAPI\PropertyAPI.csproj", "{0F1AE4F5-D239-47D1-AF73-62B118F97188}"
EndProject
Project("{FAE04EC0-301F-11D3-BF4B-00C04F79EFBC}") = "PropertyMVC", "PropertyMVC\PropertyMVC.csproj", "{73E2903D-8529-45F1-9035-1B80AD13134D}"
EndProject
Global
	GlobalSection(SolutionConfigurationPlatforms) = preSolution
		Debug|Any CPU = Debug|Any CPU
		Release|Any CPU = Release|Any CPU
	EndGlobalSection
	GlobalSection(ProjectConfigurationPlatforms) = postSolution
		{EBF83244-2BC1-4B7A-B42B-88E11A2F4973}.Debug|Any CPU.ActiveCfg = Debug|Any CPU
		{EBF83244-2BC1-4B7A-B42B-88E11A2F4973}.Debug|Any CPU.Build.0 = Debug|Any CPU
		{EBF83244-2BC1-4B7A-B42B-88E11A2F4973}.Release|Any CPU.ActiveCfg = Release|Any CPU
		{EBF83244-2BC1-4B7A-B42B-88E11A2F4973}.Release|Any CPU.Build.0 = Release|Any CPU
		{0F1AE4F5-D239-47D1-AF73-62B118F97188}.Debug|Any CPU.ActiveCfg = Debug|Any CPU
		{0F1AE4F5-D239-47D1-AF73-62B118F97188}.Debug|Any CPU.Build.0 = Debug|Any CPU
		{0F1AE4F5-D239-47D1-AF73-62B118F97188}.Release|Any CPU.ActiveCfg = Release|Any CPU
		{0F1AE4F5-D239-47D1-AF73-62B118F97188}.Release|Any CPU.Build.0 = Release|Any CPU
		{73E2903D-8529-45F1-9035-1B80AD13134D}.Debug|Any CPU.ActiveCfg = Debug|Any CPU
		{73E2903D-8529-45F1-9035-1B80AD13134D}.Debug|Any CPU.Build.0 = Debug|Any CPU
		{73E2903D-8529-45F1-9035-1B80AD13134D}.Release|Any CPU.ActiveCfg = Release|Any CPU
		{73E2903D-8529-45F1-9035-1B80AD13134D}.Release|Any CPU.Build.0 = Release|Any CPU
	EndGlobalSection
	GlobalSection(SolutionProperties) = preSolution
		HideSolutionNode = FALSE
	EndGlobalSection
	GlobalSection(ExtensibilityGlobals) = postSolution
		SolutionGuid = {14F45037-CDB2-4FE4-A745-4FBB40D78605}
	EndGlobalSection
EndGlobal
